
Microsoft Visual Studio Solution File, Format Version 12.00
# Visual Studio 15
VisualStudioVersion = 15.0.28307.106
MinimumVisualStudioVersion = 10.0.40219.1
Project("{9A19103F-16F7-4668-BE54-9A1E7A4F7556}") = "ServiceCollectionScanner", "ServiceCollectionScanner\ServiceCollectionScanner.csproj", "{4E0277FE-C815-4084-9247-47350A1D47AC}"
EndProject
Project("{FAE04EC0-301F-11D3-BF4B-00C04F79EFBC}") = "ServiceCollectionScannerTest", "ServiceCollectionScannerTest\ServiceCollectionScannerTest.csproj", "{47CA14EC-BAFD-4B6A-A11E-242FA82358F1}"
EndProject
Global
	GlobalSection(SolutionConfigurationPlatforms) = preSolution
		Debug|Any CPU = Debug|Any CPU
		Release|Any CPU = Release|Any CPU
	EndGlobalSection
	GlobalSection(ProjectConfigurationPlatforms) = postSolution
		{4E0277FE-C815-4084-9247-47350A1D47AC}.Debug|Any CPU.ActiveCfg = Debug|Any CPU
		{4E0277FE-C815-4084-9247-47350A1D47AC}.Debug|Any CPU.Build.0 = Debug|Any CPU
		{4E0277FE-C815-4084-9247-47350A1D47AC}.Release|Any CPU.ActiveCfg = Release|Any CPU
		{4E0277FE-C815-4084-9247-47350A1D47AC}.Release|Any CPU.Build.0 = Release|Any CPU
		{47CA14EC-BAFD-4B6A-A11E-242FA82358F1}.Debug|Any CPU.ActiveCfg = Debug|Any CPU
		{47CA14EC-BAFD-4B6A-A11E-242FA82358F1}.Debug|Any CPU.Build.0 = Debug|Any CPU
		{47CA14EC-BAFD-4B6A-A11E-242FA82358F1}.Release|Any CPU.ActiveCfg = Release|Any CPU
		{47CA14EC-BAFD-4B6A-A11E-242FA82358F1}.Release|Any CPU.Build.0 = Release|Any CPU
	EndGlobalSection
	GlobalSection(SolutionProperties) = preSolution
		HideSolutionNode = FALSE
	EndGlobalSection
	GlobalSection(ExtensibilityGlobals) = postSolution
		SolutionGuid = {FBF7DABB-D1FB-4A96-AA28-51B8168C118D}
	EndGlobalSection
EndGlobal
